
Microsoft Visual Studio Solution File, Format Version 12.00
# Visual Studio Version 17
VisualStudioVersion = 17.1.32210.238
MinimumVisualStudioVersion = 10.0.40219.1
Project("{FAE04EC0-301F-11D3-BF4B-00C04F79EFBC}") = "ResponseService", "ResponseService.csproj", "{074E04CA-F78C-41AF-AB6C-CF292ABDBE54}"
EndProject
Global
	GlobalSection(SolutionConfigurationPlatforms) = preSolution
		Debug|Any CPU = Debug|Any CPU
		Release|Any CPU = Release|Any CPU
	EndGlobalSection
	GlobalSection(ProjectConfigurationPlatforms) = postSolution
		{074E04CA-F78C-41AF-AB6C-CF292ABDBE54}.Debug|Any CPU.ActiveCfg = Debug|Any CPU
		{074E04CA-F78C-41AF-AB6C-CF292ABDBE54}.Debug|Any CPU.Build.0 = Debug|Any CPU
		{074E04CA-F78C-41AF-AB6C-CF292ABDBE54}.Release|Any CPU.ActiveCfg = Release|Any CPU
		{074E04CA-F78C-41AF-AB6C-CF292ABDBE54}.Release|Any CPU.Build.0 = Release|Any CPU
	EndGlobalSection
	GlobalSection(SolutionProperties) = preSolution
		HideSolutionNode = FALSE
	EndGlobalSection
	GlobalSection(ExtensibilityGlobals) = postSolution
		SolutionGuid = {5D3D52F4-97A0-4F64-AE89-FD51AB19DB54}
	EndGlobalSection
EndGlobal
